// !$*UTF8*$!
{
	archiveVersion = 1;
	classes = {
	};
	objectVersion = 46;
	objects = {

/* Begin PBXBuildFile section */
		E75CEA241F7352A20009FDAF /* main.m in Sources */ = {isa = PBXBuildFile; fileRef = E75CEA231F7352A20009FDAF /* main.m */; };
		E75CEA271F7352A20009FDAF /* AppDelegate.m in Sources */ = {isa = PBXBuildFile; fileRef = E75CEA261F7352A20009FDAF /* AppDelegate.m */; };
		E75CEA2A1F7352A20009FDAF /* ViewController.m in Sources */ = {isa = PBXBuildFile; fileRef = E75CEA291F7352A20009FDAF /* ViewController.m */; };
		E75CEA2D1F7352A20009FDAF /* Main.storyboard in Resources */ = {isa = PBXBuildFile; fileRef = E75CEA2B1F7352A20009FDAF /* Main.storyboard */; };
		E75CEA2F1F7352A20009FDAF /* Assets.xcassets in Resources */ = {isa = PBXBuildFile; fileRef = E75CEA2E1F7352A20009FDAF /* Assets.xcassets */; };
		E75CEA321F7352A20009FDAF /* LaunchScreen.storyboard in Resources */ = {isa = PBXBuildFile; fileRef = E75CEA301F7352A20009FDAF /* LaunchScreen.storyboard */; };
		E75CEA3D1F7352A20009FDAF /* DataFilterMenuTests.m in Sources */ = {isa = PBXBuildFile; fileRef = E75CEA3C1F7352A20009FDAF /* DataFilterMenuTests.m */; };
		E75CEA481F7352A20009FDAF /* DataFilterMenuUITests.m in Sources */ = {isa = PBXBuildFile; fileRef = E75CEA471F7352A20009FDAF /* DataFilterMenuUITests.m */; };
		E75CEA921F73594B0009FDAF /* ClassifyDropDownView.m in Sources */ = {isa = PBXBuildFile; fileRef = E75CEA7E1F73594B0009FDAF /* ClassifyDropDownView.m */; };
		E75CEA931F73594B0009FDAF /* AnyBuy_Head_B@2x.png in Resources */ = {isa = PBXBuildFile; fileRef = E75CEA801F73594B0009FDAF /* AnyBuy_Head_B@2x.png */; };
		E75CEA941F73594B0009FDAF /* AnyBuy_Head_B@3x.png in Resources */ = {isa = PBXBuildFile; fileRef = E75CEA811F73594B0009FDAF /* AnyBuy_Head_B@3x.png */; };
		E75CEA951F73594B0009FDAF /* AnyBuy_Head_D@2x.png in Resources */ = {isa = PBXBuildFile; fileRef = E75CEA821F73594B0009FDAF /* AnyBuy_Head_D@2x.png */; };
		E75CEA961F73594B0009FDAF /* AnyBuy_Head_D@3x.png in Resources */ = {isa = PBXBuildFile; fileRef = E75CEA831F73594B0009FDAF /* AnyBuy_Head_D@3x.png */; };
		E75CEA971F73594B0009FDAF /* AnyBuy_Head_G@2x.png in Resources */ = {isa = PBXBuildFile; fileRef = E75CEA841F73594B0009FDAF /* AnyBuy_Head_G@2x.png */; };
		E75CEA981F73594B0009FDAF /* AnyBuy_Head_G@3x.png in Resources */ = {isa = PBXBuildFile; fileRef = E75CEA851F73594B0009FDAF /* AnyBuy_Head_G@3x.png */; };
		E75CEA991F73594B0009FDAF /* AnyBuy_Head_R@2x.png in Resources */ = {isa = PBXBuildFile; fileRef = E75CEA861F73594B0009FDAF /* AnyBuy_Head_R@2x.png */; };
		E75CEA9A1F73594B0009FDAF /* AnyBuy_Head_R@3x.png in Resources */ = {isa = PBXBuildFile; fileRef = E75CEA871F73594B0009FDAF /* AnyBuy_Head_R@3x.png */; };
		E75CEA9B1F73594B0009FDAF /* AnyBuy_Head_up@2x.png in Resources */ = {isa = PBXBuildFile; fileRef = E75CEA881F73594B0009FDAF /* AnyBuy_Head_up@2x.png */; };
		E75CEA9C1F73594B0009FDAF /* AnyBuy_Head_up@3x.png in Resources */ = {isa = PBXBuildFile; fileRef = E75CEA891F73594B0009FDAF /* AnyBuy_Head_up@3x.png */; };
		E75CEA9D1F73594B0009FDAF /* AnyBuy_Head_UR@2x.png in Resources */ = {isa = PBXBuildFile; fileRef = E75CEA8A1F73594B0009FDAF /* AnyBuy_Head_UR@2x.png */; };
		E75CEA9E1F73594B0009FDAF /* AnyBuy_Head_UR@3x.png in Resources */ = {isa = PBXBuildFile; fileRef = E75CEA8B1F73594B0009FDAF /* AnyBuy_Head_UR@3x.png */; };
		E75CEA9F1F73594B0009FDAF /* AnyBuy_Yes@2x.png in Resources */ = {isa = PBXBuildFile; fileRef = E75CEA8C1F73594B0009FDAF /* AnyBuy_Yes@2x.png */; };
		E75CEAA01F73594B0009FDAF /* AnyBuy_Yes@3x.png in Resources */ = {isa = PBXBuildFile; fileRef = E75CEA8D1F73594B0009FDAF /* AnyBuy_Yes@3x.png */; };
		E75CEAA11F73594B0009FDAF /* ClassifyView.m in Sources */ = {isa = PBXBuildFile; fileRef = E75CEA8F1F73594B0009FDAF /* ClassifyView.m */; };
		E75CEAA21F73594B0009FDAF /* ML_Button.m in Sources */ = {isa = PBXBuildFile; fileRef = E75CEA911F73594B0009FDAF /* ML_Button.m */; };
/* End PBXBuildFile section */

/* Begin PBXContainerItemProxy section */
		E75CEA391F7352A20009FDAF /* PBXContainerItemProxy */ = {
			isa = PBXContainerItemProxy;
			containerPortal = E75CEA171F7352A20009FDAF /* Project object */;
			proxyType = 1;
			remoteGlobalIDString = E75CEA1E1F7352A20009FDAF;
			remoteInfo = DataFilterMenu;
		};
		E75CEA441F7352A20009FDAF /* PBXContainerItemProxy */ = {
			isa = PBXContainerItemProxy;
			containerPortal = E75CEA171F7352A20009FDAF /* Project object */;
			proxyType = 1;
			remoteGlobalIDString = E75CEA1E1F7352A20009FDAF;
			remoteInfo = DataFilterMenu;
		};
/* End PBXContainerItemProxy section */

/* Begin PBXFileReference section */
		E75CEA1F1F7352A20009FDAF /* DataFilterMenu.app */ = {isa = PBXFileReference; explicitFileType = wrapper.application; includeInIndex = 0; path = DataFilterMenu.app; sourceTree = BUILT_PRODUCTS_DIR; };
		E75CEA231F7352A20009FDAF /* main.m */ = {isa = PBXFileReference; lastKnownFileType = sourcecode.c.objc; path = main.m; sourceTree = "<group>"; };
		E75CEA251F7352A20009FDAF /* AppDelegate.h */ = {isa = PBXFileReference; lastKnownFileType = sourcecode.c.h; path = AppDelegate.h; sourceTree = "<group>"; };
		E75CEA261F7352A20009FDAF /* AppDelegate.m */ = {isa = PBXFileReference; lastKnownFileType = sourcecode.c.objc; path = AppDelegate.m; sourceTree = "<group>"; };
		E75CEA281F7352A20009FDAF /* ViewController.h */ = {isa = PBXFileReference; lastKnownFileType = sourcecode.c.h; path = ViewController.h; sourceTree = "<group>"; };
		E75CEA291F7352A20009FDAF /* ViewController.m */ = {isa = PBXFileReference; lastKnownFileType = sourcecode.c.objc; path = ViewController.m; sourceTree = "<group>"; };
		E75CEA2C1F7352A20009FDAF /* Base */ = {isa = PBXFileReference; lastKnownFileType = file.storyboard; name = Base; path = Base.lproj/Main.storyboard; sourceTree = "<group>"; };
		E75CEA2E1F7352A20009FDAF /* Assets.xcassets */ = {isa = PBXFileReference; lastKnownFileType = folder.assetcatalog; path = Assets.xcassets; sourceTree = "<group>"; };
		E75CEA311F7352A20009FDAF /* Base */ = {isa = PBXFileReference; lastKnownFileType = file.storyboard; name = Base; path = Base.lproj/LaunchScreen.storyboard; sourceTree = "<group>"; };
		E75CEA331F7352A20009FDAF /* Info.plist */ = {isa = PBXFileReference; lastKnownFileType = text.plist.xml; path = Info.plist; sourceTree = "<group>"; };
		E75CEA381F7352A20009FDAF /* DataFilterMenuTests.xctest */ = {isa = PBXFileReference; explicitFileType = wrapper.cfbundle; includeInIndex = 0; path = DataFilterMenuTests.xctest; sourceTree = BUILT_PRODUCTS_DIR; };
		E75CEA3C1F7352A20009FDAF /* DataFilterMenuTests.m */ = {isa = PBXFileReference; lastKnownFileType = sourcecode.c.objc; path = DataFilterMenuTests.m; sourceTree = "<group>"; };
		E75CEA3E1F7352A20009FDAF /* Info.plist */ = {isa = PBXFileReference; lastKnownFileType = text.plist.xml; path = Info.plist; sourceTree = "<group>"; };
		E75CEA431F7352A20009FDAF /* DataFilterMenuUITests.xctest */ = {isa = PBXFileReference; explicitFileType = wrapper.cfbundle; includeInIndex = 0; path = DataFilterMenuUITests.xctest; sourceTree = BUILT_PRODUCTS_DIR; };
		E75CEA471F7352A20009FDAF /* DataFilterMenuUITests.m */ = {isa = PBXFileReference; lastKnownFileType = sourcecode.c.objc; path = DataFilterMenuUITests.m; sourceTree = "<group>"; };
		E75CEA491F7352A20009FDAF /* Info.plist */ = {isa = PBXFileReference; lastKnownFileType = text.plist.xml; path = Info.plist; sourceTree = "<group>"; };
		E75CEA7D1F73594B0009FDAF /* ClassifyDropDownView.h */ = {isa = PBXFileReference; fileEncoding = 4; lastKnownFileType = sourcecode.c.h; path = ClassifyDropDownView.h; sourceTree = "<group>"; };
		E75CEA7E1F73594B0009FDAF /* ClassifyDropDownView.m */ = {isa = PBXFileReference; fileEncoding = 4; lastKnownFileType = sourcecode.c.objc; path = ClassifyDropDownView.m; sourceTree = "<group>"; };
		E75CEA801F73594B0009FDAF /* AnyBuy_Head_B@2x.png */ = {isa = PBXFileReference; lastKnownFileType = image.png; path = "AnyBuy_Head_B@2x.png"; sourceTree = "<group>"; };
		E75CEA811F73594B0009FDAF /* AnyBuy_Head_B@3x.png */ = {isa = PBXFileReference; lastKnownFileType = image.png; path = "AnyBuy_Head_B@3x.png"; sourceTree = "<group>"; };
		E75CEA821F73594B0009FDAF /* AnyBuy_Head_D@2x.png */ = {isa = PBXFileReference; lastKnownFileType = image.png; path = "AnyBuy_Head_D@2x.png"; sourceTree = "<group>"; };
		E75CEA831F73594B0009FDAF /* AnyBuy_Head_D@3x.png */ = {isa = PBXFileReference; lastKnownFileType = image.png; path = "AnyBuy_Head_D@3x.png"; sourceTree = "<group>"; };
		E75CEA841F73594B0009FDAF /* AnyBuy_Head_G@2x.png */ = {isa = PBXFileReference; lastKnownFileType = image.png; path = "AnyBuy_Head_G@2x.png"; sourceTree = "<group>"; };
		E75CEA851F73594B0009FDAF /* AnyBuy_Head_G@3x.png */ = {isa = PBXFileReference; lastKnownFileType = image.png; path = "AnyBuy_Head_G@3x.png"; sourceTree = "<group>"; };
		E75CEA861F73594B0009FDAF /* AnyBuy_Head_R@2x.png */ = {isa = PBXFileReference; lastKnownFileType = image.png; path = "AnyBuy_Head_R@2x.png"; sourceTree = "<group>"; };
		E75CEA871F73594B0009FDAF /* AnyBuy_Head_R@3x.png */ = {isa = PBXFileReference; lastKnownFileType = image.png; path = "AnyBuy_Head_R@3x.png"; sourceTree = "<group>"; };
		E75CEA881F73594B0009FDAF /* AnyBuy_Head_up@2x.png */ = {isa = PBXFileReference; lastKnownFileType = image.png; path = "AnyBuy_Head_up@2x.png"; sourceTree = "<group>"; };
		E75CEA891F73594B0009FDAF /* AnyBuy_Head_up@3x.png */ = {isa = PBXFileReference; lastKnownFileType = image.png; path = "AnyBuy_Head_up@3x.png"; sourceTree = "<group>"; };
		E75CEA8A1F73594B0009FDAF /* AnyBuy_Head_UR@2x.png */ = {isa = PBXFileReference; lastKnownFileType = image.png; path = "AnyBuy_Head_UR@2x.png"; sourceTree = "<group>"; };
		E75CEA8B1F73594B0009FDAF /* AnyBuy_Head_UR@3x.png */ = {isa = PBXFileReference; lastKnownFileType = image.png; path = "AnyBuy_Head_UR@3x.png"; sourceTree = "<group>"; };
		E75CEA8C1F73594B0009FDAF /* AnyBuy_Yes@2x.png */ = {isa = PBXFileReference; lastKnownFileType = image.png; path = "AnyBuy_Yes@2x.png"; sourceTree = "<group>"; };
		E75CEA8D1F73594B0009FDAF /* AnyBuy_Yes@3x.png */ = {isa = PBXFileReference; lastKnownFileType = image.png; path = "AnyBuy_Yes@3x.png"; sourceTree = "<group>"; };
		E75CEA8E1F73594B0009FDAF /* ClassifyView.h */ = {isa = PBXFileReference; fileEncoding = 4; lastKnownFileType = sourcecode.c.h; path = ClassifyView.h; sourceTree = "<group>"; };
		E75CEA8F1F73594B0009FDAF /* ClassifyView.m */ = {isa = PBXFileReference; fileEncoding = 4; lastKnownFileType = sourcecode.c.objc; path = ClassifyView.m; sourceTree = "<group>"; };
		E75CEA901F73594B0009FDAF /* ML_Button.h */ = {isa = PBXFileReference; fileEncoding = 4; lastKnownFileType = sourcecode.c.h; path = ML_Button.h; sourceTree = "<group>"; };
		E75CEA911F73594B0009FDAF /* ML_Button.m */ = {isa = PBXFileReference; fileEncoding = 4; lastKnownFileType = sourcecode.c.objc; path = ML_Button.m; sourceTree = "<group>"; };
/* End PBXFileReference section */

/* Begin PBXFrameworksBuildPhase section */
		E75CEA1C1F7352A20009FDAF /* Frameworks */ = {
			isa = PBXFrameworksBuildPhase;
			buildActionMask = 2147483647;
			files = (
			);
			runOnlyForDeploymentPostprocessing = 0;
		};
		E75CEA351F7352A20009FDAF /* Frameworks */ = {
			isa = PBXFrameworksBuildPhase;
			buildActionMask = 2147483647;
			files = (
			);
			runOnlyForDeploymentPostprocessing = 0;
		};
		E75CEA401F7352A20009FDAF /* Frameworks */ = {
			isa = PBXFrameworksBuildPhase;
			buildActionMask = 2147483647;
			files = (
			);
			runOnlyForDeploymentPostprocessing = 0;
		};
/* End PBXFrameworksBuildPhase section */

/* Begin PBXGroup section */
		E75CEA161F7352A20009FDAF = {
			isa = PBXGroup;
			children = (
				E75CEA211F7352A20009FDAF /* DataFilterMenu */,
				E75CEA3B1F7352A20009FDAF /* DataFilterMenuTests */,
				E75CEA461F7352A20009FDAF /* DataFilterMenuUITests */,
				E75CEA201F7352A20009FDAF /* Products */,
			);
			sourceTree = "<group>";
		};
		E75CEA201F7352A20009FDAF /* Products */ = {
			isa = PBXGroup;
			children = (
				E75CEA1F1F7352A20009FDAF /* DataFilterMenu.app */,
				E75CEA381F7352A20009FDAF /* DataFilterMenuTests.xctest */,
				E75CEA431F7352A20009FDAF /* DataFilterMenuUITests.xctest */,
			);
			name = Products;
			sourceTree = "<group>";
		};
		E75CEA211F7352A20009FDAF /* DataFilterMenu */ = {
			isa = PBXGroup;
			children = (
				E75CEA7C1F73594B0009FDAF /* CHDataFilterMenu */,
				E75CEA251F7352A20009FDAF /* AppDelegate.h */,
				E75CEA261F7352A20009FDAF /* AppDelegate.m */,
				E75CEA281F7352A20009FDAF /* ViewController.h */,
				E75CEA291F7352A20009FDAF /* ViewController.m */,
				E75CEA2B1F7352A20009FDAF /* Main.storyboard */,
				E75CEA2E1F7352A20009FDAF /* Assets.xcassets */,
				E75CEA301F7352A20009FDAF /* LaunchScreen.storyboard */,
				E75CEA331F7352A20009FDAF /* Info.plist */,
				E75CEA221F7352A20009FDAF /* Supporting Files */,
			);
			path = DataFilterMenu;
			sourceTree = "<group>";
		};
		E75CEA221F7352A20009FDAF /* Supporting Files */ = {
			isa = PBXGroup;
			children = (
				E75CEA231F7352A20009FDAF /* main.m */,
			);
			name = "Supporting Files";
			sourceTree = "<group>";
		};
		E75CEA3B1F7352A20009FDAF /* DataFilterMenuTests */ = {
			isa = PBXGroup;
			children = (
				E75CEA3C1F7352A20009FDAF /* DataFilterMenuTests.m */,
				E75CEA3E1F7352A20009FDAF /* Info.plist */,
			);
			path = DataFilterMenuTests;
			sourceTree = "<group>";
		};
		E75CEA461F7352A20009FDAF /* DataFilterMenuUITests */ = {
			isa = PBXGroup;
			children = (
				E75CEA471F7352A20009FDAF /* DataFilterMenuUITests.m */,
				E75CEA491F7352A20009FDAF /* Info.plist */,
			);
			path = DataFilterMenuUITests;
			sourceTree = "<group>";
		};
		E75CEA7C1F73594B0009FDAF /* CHDataFilterMenu */ = {
			isa = PBXGroup;
			children = (
				E75CEA7D1F73594B0009FDAF /* ClassifyDropDownView.h */,
				E75CEA7E1F73594B0009FDAF /* ClassifyDropDownView.m */,
				E75CEA7F1F73594B0009FDAF /* classifyImages */,
				E75CEA8E1F73594B0009FDAF /* ClassifyView.h */,
				E75CEA8F1F73594B0009FDAF /* ClassifyView.m */,
				E75CEA901F73594B0009FDAF /* ML_Button.h */,
				E75CEA911F73594B0009FDAF /* ML_Button.m */,
			);
			path = CHDataFilterMenu;
			sourceTree = "<group>";
		};
		E75CEA7F1F73594B0009FDAF /* classifyImages */ = {
			isa = PBXGroup;
			children = (
				E75CEA801F73594B0009FDAF /* AnyBuy_Head_B@2x.png */,
				E75CEA811F73594B0009FDAF /* AnyBuy_Head_B@3x.png */,
				E75CEA821F73594B0009FDAF /* AnyBuy_Head_D@2x.png */,
				E75CEA831F73594B0009FDAF /* AnyBuy_Head_D@3x.png */,
				E75CEA841F73594B0009FDAF /* AnyBuy_Head_G@2x.png */,
				E75CEA851F73594B0009FDAF /* AnyBuy_Head_G@3x.png */,
				E75CEA861F73594B0009FDAF /* AnyBuy_Head_R@2x.png */,
				E75CEA871F73594B0009FDAF /* AnyBuy_Head_R@3x.png */,
				E75CEA881F73594B0009FDAF /* AnyBuy_Head_up@2x.png */,
				E75CEA891F73594B0009FDAF /* AnyBuy_Head_up@3x.png */,
				E75CEA8A1F73594B0009FDAF /* AnyBuy_Head_UR@2x.png */,
				E75CEA8B1F73594B0009FDAF /* AnyBuy_Head_UR@3x.png */,
				E75CEA8C1F73594B0009FDAF /* AnyBuy_Yes@2x.png */,
				E75CEA8D1F73594B0009FDAF /* AnyBuy_Yes@3x.png */,
			);
			path = classifyImages;
			sourceTree = "<group>";
		};
/* End PBXGroup section */

/* Begin PBXNativeTarget section */
		E75CEA1E1F7352A20009FDAF /* DataFilterMenu */ = {
			isa = PBXNativeTarget;
			buildConfigurationList = E75CEA4C1F7352A20009FDAF /* Build configuration list for PBXNativeTarget "DataFilterMenu" */;
			buildPhases = (
				E75CEA1B1F7352A20009FDAF /* Sources */,
				E75CEA1C1F7352A20009FDAF /* Frameworks */,
				E75CEA1D1F7352A20009FDAF /* Resources */,
			);
			buildRules = (
			);
			dependencies = (
			);
			name = DataFilterMenu;
			productName = DataFilterMenu;
			productReference = E75CEA1F1F7352A20009FDAF /* DataFilterMenu.app */;
			productType = "com.apple.product-type.application";
		};
		E75CEA371F7352A20009FDAF /* DataFilterMenuTests */ = {
			isa = PBXNativeTarget;
			buildConfigurationList = E75CEA4F1F7352A20009FDAF /* Build configuration list for PBXNativeTarget "DataFilterMenuTests" */;
			buildPhases = (
				E75CEA341F7352A20009FDAF /* Sources */,
				E75CEA351F7352A20009FDAF /* Frameworks */,
				E75CEA361F7352A20009FDAF /* Resources */,
			);
			buildRules = (
			);
			dependencies = (
				E75CEA3A1F7352A20009FDAF /* PBXTargetDependency */,
			);
			name = DataFilterMenuTests;
			productName = DataFilterMenuTests;
			productReference = E75CEA381F7352A20009FDAF /* DataFilterMenuTests.xctest */;
			productType = "com.apple.product-type.bundle.unit-test";
		};
		E75CEA421F7352A20009FDAF /* DataFilterMenuUITests */ = {
			isa = PBXNativeTarget;
			buildConfigurationList = E75CEA521F7352A20009FDAF /* Build configuration list for PBXNativeTarget "DataFilterMenuUITests" */;
			buildPhases = (
				E75CEA3F1F7352A20009FDAF /* Sources */,
				E75CEA401F7352A20009FDAF /* Frameworks */,
				E75CEA411F7352A20009FDAF /* Resources */,
			);
			buildRules = (
			);
			dependencies = (
				E75CEA451F7352A20009FDAF /* PBXTargetDependency */,
			);
			name = DataFilterMenuUITests;
			productName = DataFilterMenuUITests;
			productReference = E75CEA431F7352A20009FDAF /* DataFilterMenuUITests.xctest */;
			productType = "com.apple.product-type.bundle.ui-testing";
		};
/* End PBXNativeTarget section */

/* Begin PBXProject section */
		E75CEA171F7352A20009FDAF /* Project object */ = {
			isa = PBXProject;
			attributes = {
				LastUpgradeCheck = 0820;
				ORGANIZATIONNAME = "email:ch_email@126.com";
				TargetAttributes = {
					E75CEA1E1F7352A20009FDAF = {
						CreatedOnToolsVersion = 8.2.1;
						DevelopmentTeam = 3A892LDC59;
						ProvisioningStyle = Automatic;
					};
					E75CEA371F7352A20009FDAF = {
						CreatedOnToolsVersion = 8.2.1;
						DevelopmentTeam = 3A892LDC59;
						ProvisioningStyle = Automatic;
						TestTargetID = E75CEA1E1F7352A20009FDAF;
					};
					E75CEA421F7352A20009FDAF = {
						CreatedOnToolsVersion = 8.2.1;
						DevelopmentTeam = 3A892LDC59;
						ProvisioningStyle = Automatic;
						TestTargetID = E75CEA1E1F7352A20009FDAF;
					};
				};
			};
			buildConfigurationList = E75CEA1A1F7352A20009FDAF /* Build configuration list for PBXProject "DataFilterMenu" */;
			compatibilityVersion = "Xcode 3.2";
			developmentRegion = English;
			hasScannedForEncodings = 0;
			knownRegions = (
				en,
				Base,
			);
			mainGroup = E75CEA161F7352A20009FDAF;
			productRefGroup = E75CEA201F7352A20009FDAF /* Products */;
			projectDirPath = "";
			projectRoot = "";
			targets = (
				E75CEA1E1F7352A20009FDAF /* DataFilterMenu */,
				E75CEA371F7352A20009FDAF /* DataFilterMenuTests */,
				E75CEA421F7352A20009FDAF /* DataFilterMenuUITests */,
			);
		};
/* End PBXProject section */

/* Begin PBXResourcesBuildPhase section */
		E75CEA1D1F7352A20009FDAF /* Resources */ = {
			isa = PBXResourcesBuildPhase;
			buildActionMask = 2147483647;
			files = (
				E75CEA971F73594B0009FDAF /* AnyBuy_Head_G@2x.png in Resources */,
				E75CEA321F7352A20009FDAF /* LaunchScreen.storyboard in Resources */,
				E75CEA2F1F7352A20009FDAF /* Assets.xcassets in Resources */,
				E75CEA2D1F7352A20009FDAF /* Main.storyboard in Resources */,
				E75CEA931F73594B0009FDAF /* AnyBuy_Head_B@2x.png in Resources */,
				E75CEA9D1F73594B0009FDAF /* AnyBuy_Head_UR@2x.png in Resources */,
				E75CEAA01F73594B0009FDAF /* AnyBuy_Yes@3x.png in Resources */,
				E75CEA9F1F73594B0009FDAF /* AnyBuy_Yes@2x.png in Resources */,
				E75CEA9C1F73594B0009FDAF /* AnyBuy_Head_up@3x.png in Resources */,
				E75CEA941F73594B0009FDAF /* AnyBuy_Head_B@3x.png in Resources */,
				E75CEA961F73594B0009FDAF /* AnyBuy_Head_D@3x.png in Resources */,
				E75CEA991F73594B0009FDAF /* AnyBuy_Head_R@2x.png in Resources */,
				E75CEA9A1F73594B0009FDAF /* AnyBuy_Head_R@3x.png in Resources */,
				E75CEA951F73594B0009FDAF /* AnyBuy_Head_D@2x.png in Resources */,
				E75CEA981F73594B0009FDAF /* AnyBuy_Head_G@3x.png in Resources */,
				E75CEA9B1F73594B0009FDAF /* AnyBuy_Head_up@2x.png in Resources */,
				E75CEA9E1F73594B0009FDAF /* AnyBuy_Head_UR@3x.png in Resources */,
			);
			runOnlyForDeploymentPostprocessing = 0;
		};
		E75CEA361F7352A20009FDAF /* Resources */ = {
			isa = PBXResourcesBuildPhase;
			buildActionMask = 2147483647;
			files = (
			);
			runOnlyForDeploymentPostprocessing = 0;
		};
		E75CEA411F7352A20009FDAF /* Resources */ = {
			isa = PBXResourcesBuildPhase;
			buildActionMask = 2147483647;
			files = (
			);
			runOnlyForDeploymentPostprocessing = 0;
		};
/* End PBXResourcesBuildPhase section */

/* Begin PBXSourcesBuildPhase section */
		E75CEA1B1F7352A20009FDAF /* Sources */ = {
			isa = PBXSourcesBuildPhase;
			buildActionMask = 2147483647;
			files = (
				E75CEAA21F73594B0009FDAF /* ML_Button.m in Sources */,
				E75CEA2A1F7352A20009FDAF /* ViewController.m in Sources */,
				E75CEAA11F73594B0009FDAF /* ClassifyView.m in Sources */,
				E75CEA271F7352A20009FDAF /* AppDelegate.m in Sources */,
				E75CEA241F7352A20009FDAF /* main.m in Sources */,
				E75CEA921F73594B0009FDAF /* ClassifyDropDownView.m in Sources */,
			);
			runOnlyForDeploymentPostprocessing = 0;
		};
		E75CEA341F7352A20009FDAF /* Sources */ = {
			isa = PBXSourcesBuildPhase;
			buildActionMask = 2147483647;
			files = (
				E75CEA3D1F7352A20009FDAF /* DataFilterMenuTests.m in Sources */,
			);
			runOnlyForDeploymentPostprocessing = 0;
		};
		E75CEA3F1F7352A20009FDAF /* Sources */ = {
			isa = PBXSourcesBuildPhase;
			buildActionMask = 2147483647;
			files = (
				E75CEA481F7352A20009FDAF /* DataFilterMenuUITests.m in Sources */,
			);
			runOnlyForDeploymentPostprocessing = 0;
		};
/* End PBXSourcesBuildPhase section */

/* Begin PBXTargetDependency section */
		E75CEA3A1F7352A20009FDAF /* PBXTargetDependency */ = {
			isa = PBXTargetDependency;
			target = E75CEA1E1F7352A20009FDAF /* DataFilterMenu */;
			targetProxy = E75CEA391F7352A20009FDAF /* PBXContainerItemProxy */;
		};
		E75CEA451F7352A20009FDAF /* PBXTargetDependency */ = {
			isa = PBXTargetDependency;
			target = E75CEA1E1F7352A20009FDAF /* DataFilterMenu */;
			targetProxy = E75CEA441F7352A20009FDAF /* PBXContainerItemProxy */;
		};
/* End PBXTargetDependency section */

/* Begin PBXVariantGroup section */
		E75CEA2B1F7352A20009FDAF /* Main.storyboard */ = {
			isa = PBXVariantGroup;
			children = (
				E75CEA2C1F7352A20009FDAF /* Base */,
			);
			name = Main.storyboard;
			sourceTree = "<group>";
		};
		E75CEA301F7352A20009FDAF /* LaunchScreen.storyboard */ = {
			isa = PBXVariantGroup;
			children = (
				E75CEA311F7352A20009FDAF /* Base */,
			);
			name = LaunchScreen.storyboard;
			sourceTree = "<group>";
		};
/* End PBXVariantGroup section */

/* Begin XCBuildConfiguration section */
		E75CEA4A1F7352A20009FDAF /* Debug */ = {
			isa = XCBuildConfiguration;
			buildSettings = {
				ALWAYS_SEARCH_USER_PATHS = NO;
				CLANG_ANALYZER_NONNULL = YES;
				CLANG_CXX_LANGUAGE_STANDARD = "gnu++0x";
				CLANG_CXX_LIBRARY = "libc++";
				CLANG_ENABLE_MODULES = YES;
				CLANG_ENABLE_OBJC_ARC = YES;
				CLANG_WARN_BOOL_CONVERSION = YES;
				CLANG_WARN_CONSTANT_CONVERSION = YES;
				CLANG_WARN_DIRECT_OBJC_ISA_USAGE = YES_ERROR;
				CLANG_WARN_DOCUMENTATION_COMMENTS = YES;
				CLANG_WARN_EMPTY_BODY = YES;
				CLANG_WARN_ENUM_CONVERSION = YES;
				CLANG_WARN_INFINITE_RECURSION = YES;
				CLANG_WARN_INT_CONVERSION = YES;
				CLANG_WARN_OBJC_ROOT_CLASS = YES_ERROR;
				CLANG_WARN_SUSPICIOUS_MOVE = YES;
				CLANG_WARN_UNREACHABLE_CODE = YES;
				CLANG_WARN__DUPLICATE_METHOD_MATCH = YES;
				"CODE_SIGN_IDENTITY[sdk=iphoneos*]" = "iPhone Developer";
				COPY_PHASE_STRIP = NO;
				DEBUG_INFORMATION_FORMAT = dwarf;
				ENABLE_STRICT_OBJC_MSGSEND = YES;
				ENABLE_TESTABILITY = YES;
				GCC_C_LANGUAGE_STANDARD = gnu99;
				GCC_DYNAMIC_NO_PIC = NO;
				GCC_NO_COMMON_BLOCKS = YES;
				GCC_OPTIMIZATION_LEVEL = 0;
				GCC_PREPROCESSOR_DEFINITIONS = (
					"DEBUG=1",
					"$(inherited)",
				);
				GCC_WARN_64_TO_32_BIT_CONVERSION = YES;
				GCC_WARN_ABOUT_RETURN_TYPE = YES_ERROR;
				GCC_WARN_UNDECLARED_SELECTOR = YES;
				GCC_WARN_UNINITIALIZED_AUTOS = YES_AGGRESSIVE;
				GCC_WARN_UNUSED_FUNCTION = YES;
				GCC_WARN_UNUSED_VARIABLE = YES;
				IPHONEOS_DEPLOYMENT_TARGET = 10.2;
				MTL_ENABLE_DEBUG_INFO = YES;
				ONLY_ACTIVE_ARCH = YES;
				SDKROOT = iphoneos;
				TARGETED_DEVICE_FAMILY = "1,2";
			};
			name = Debug;
		};
		E75CEA4B1F7352A20009FDAF /* Release */ = {
			isa = XCBuildConfiguration;
			buildSettings = {
				ALWAYS_SEARCH_USER_PATHS = NO;
				CLANG_ANALYZER_NONNULL = YES;
				CLANG_CXX_LANGUAGE_STANDARD = "gnu++0x";
				CLANG_CXX_LIBRARY = "libc++";
				CLANG_ENABLE_MODULES = YES;
				CLANG_ENABLE_OBJC_ARC = YES;
				CLANG_WARN_BOOL_CONVERSION = YES;
				CLANG_WARN_CONSTANT_CONVERSION = YES;
				CLANG_WARN_DIRECT_OBJC_ISA_USAGE = YES_ERROR;
				CLANG_WARN_DOCUMENTATION_COMMENTS = YES;
				CLANG_WARN_EMPTY_BODY = YES;
				CLANG_WARN_ENUM_CONVERSION = YES;
				CLANG_WARN_INFINITE_RECURSION = YES;
				CLANG_WARN_INT_CONVERSION = YES;
				CLANG_WARN_OBJC_ROOT_CLASS = YES_ERROR;
				CLANG_WARN_SUSPICIOUS_MOVE = YES;
				CLANG_WARN_UNREACHABLE_CODE = YES;
				CLANG_WARN__DUPLICATE_METHOD_MATCH = YES;
				"CODE_SIGN_IDENTITY[sdk=iphoneos*]" = "iPhone Developer";
				COPY_PHASE_STRIP = NO;
				DEBUG_INFORMATION_FORMAT = "dwarf-with-dsym";
				ENABLE_NS_ASSERTIONS = NO;
				ENABLE_STRICT_OBJC_MSGSEND = YES;
				GCC_C_LANGUAGE_STANDARD = gnu99;
				GCC_NO_COMMON_BLOCKS = YES;
				GCC_WARN_64_TO_32_BIT_CONVERSION = YES;
				GCC_WARN_ABOUT_RETURN_TYPE = YES_ERROR;
				GCC_WARN_UNDECLARED_SELECTOR = YES;
				GCC_WARN_UNINITIALIZED_AUTOS = YES_AGGRESSIVE;
				GCC_WARN_UNUSED_FUNCTION = YES;
				GCC_WARN_UNUSED_VARIABLE = YES;
				IPHONEOS_DEPLOYMENT_TARGET = 10.2;
				MTL_ENABLE_DEBUG_INFO = NO;
				SDKROOT = iphoneos;
				TARGETED_DEVICE_FAMILY = "1,2";
				VALIDATE_PRODUCT = YES;
			};
			name = Release;
		};
		E75CEA4D1F7352A20009FDAF /* Debug */ = {
			isa = XCBuildConfiguration;
			buildSettings = {
				ASSETCATALOG_COMPILER_APPICON_NAME = AppIcon;
				DEVELOPMENT_TEAM = 3A892LDC59;
				INFOPLIST_FILE = DataFilterMenu/Info.plist;
				LD_RUNPATH_SEARCH_PATHS = "$(inherited) @executable_path/Frameworks";
				PRODUCT_BUNDLE_IDENTIFIER = JokeChen.DataFilterMenu;
				PRODUCT_NAME = "$(TARGET_NAME)";
			};
			name = Debug;
		};
		E75CEA4E1F7352A20009FDAF /* Release */ = {
			isa = XCBuildConfiguration;
			buildSettings = {
				ASSETCATALOG_COMPILER_APPICON_NAME = AppIcon;
				DEVELOPMENT_TEAM = 3A892LDC59;
				INFOPLIST_FILE = DataFilterMenu/Info.plist;
				LD_RUNPATH_SEARCH_PATHS = "$(inherited) @executable_path/Frameworks";
				PRODUCT_BUNDLE_IDENTIFIER = JokeChen.DataFilterMenu;
				PRODUCT_NAME = "$(TARGET_NAME)";
			};
			name = Release;
		};
		E75CEA501F7352A20009FDAF /* Debug */ = {
			isa = XCBuildConfiguration;
			buildSettings = {
				BUNDLE_LOADER = "$(TEST_HOST)";
				DEVELOPMENT_TEAM = 3A892LDC59;
				INFOPLIST_FILE = DataFilterMenuTests/Info.plist;
				LD_RUNPATH_SEARCH_PATHS = "$(inherited) @executable_path/Frameworks @loader_path/Frameworks";
				PRODUCT_BUNDLE_IDENTIFIER = JokeChen.DataFilterMenuTests;
				PRODUCT_NAME = "$(TARGET_NAME)";
				TEST_HOST = "$(BUILT_PRODUCTS_DIR)/DataFilterMenu.app/DataFilterMenu";
			};
			name = Debug;
		};
		E75CEA511F7352A20009FDAF /* Release */ = {
			isa = XCBuildConfiguration;
			buildSettings = {
				BUNDLE_LOADER = "$(TEST_HOST)";
				DEVELOPMENT_TEAM = 3A892LDC59;
				INFOPLIST_FILE = DataFilterMenuTests/Info.plist;
				LD_RUNPATH_SEARCH_PATHS = "$(inherited) @executable_path/Frameworks @loader_path/Frameworks";
				PRODUCT_BUNDLE_IDENTIFIER = JokeChen.DataFilterMenuTests;
				PRODUCT_NAME = "$(TARGET_NAME)";
				TEST_HOST = "$(BUILT_PRODUCTS_DIR)/DataFilterMenu.app/DataFilterMenu";
			};
			name = Release;
		};
		E75CEA531F7352A20009FDAF /* Debug */ = {
			isa = XCBuildConfiguration;
			buildSettings = {
				DEVELOPMENT_TEAM = 3A892LDC59;
				INFOPLIST_FILE = DataFilterMenuUITests/Info.plist;
				LD_RUNPATH_SEARCH_PATHS = "$(inherited) @executable_path/Frameworks @loader_path/Frameworks";
				PRODUCT_BUNDLE_IDENTIFIER = JokeChen.DataFilterMenuUITests;
				PRODUCT_NAME = "$(TARGET_NAME)";
				TEST_TARGET_NAME = DataFilterMenu;
			};
			name = Debug;
		};
		E75CEA541F7352A20009FDAF /* Release */ = {
			isa = XCBuildConfiguration;
			buildSettings = {
				DEVELOPMENT_TEAM = 3A892LDC59;
				INFOPLIST_FILE = DataFilterMenuUITests/Info.plist;
				LD_RUNPATH_SEARCH_PATHS = "$(inherited) @executable_path/Frameworks @loader_path/Frameworks";
				PRODUCT_BUNDLE_IDENTIFIER = JokeChen.DataFilterMenuUITests;
				PRODUCT_NAME = "$(TARGET_NAME)";
				TEST_TARGET_NAME = DataFilterMenu;
			};
			name = Release;
		};
/* End XCBuildConfiguration section */

/* Begin XCConfigurationList section */
		E75CEA1A1F7352A20009FDAF /* Build configuration list for PBXProject "DataFilterMenu" */ = {
			isa = XCConfigurationList;
			buildConfigurations = (
				E75CEA4A1F7352A20009FDAF /* Debug */,
				E75CEA4B1F7352A20009FDAF /* Release */,
			);
			defaultConfigurationIsVisible = 0;
			defaultConfigurationName = Release;
		};
		E75CEA4C1F7352A20009FDAF /* Build configuration list for PBXNativeTarget "DataFilterMenu" */ = {
			isa = XCConfigurationList;
			buildConfigurations = (
				E75CEA4D1F7352A20009FDAF /* Debug */,
				E75CEA4E1F7352A20009FDAF /* Release */,
			);
			defaultConfigurationIsVisible = 0;
		};
		E75CEA4F1F7352A20009FDAF /* Build configuration list for PBXNativeTarget "DataFilterMenuTests" */ = {
			isa = XCConfigurationList;
			buildConfigurations = (
				E75CEA501F7352A20009FDAF /* Debug */,
				E75CEA511F7352A20009FDAF /* Release */,
			);
			defaultConfigurationIsVisible = 0;
		};
		E75CEA521F7352A20009FDAF /* Build configuration list for PBXNativeTarget "DataFilterMenuUITests" */ = {
			isa = XCConfigurationList;
			buildConfigurations = (
				E75CEA531F7352A20009FDAF /* Debug */,
				E75CEA541F7352A20009FDAF /* Release */,
			);
			defaultConfigurationIsVisible = 0;
		};
/* End XCConfigurationList section */
	};
	rootObject = E75CEA171F7352A20009FDAF /* Project object */;
}
